
Microsoft Visual Studio Solution File, Format Version 12.00
# Visual Studio Version 16
VisualStudioVersion = 16.0.34031.81
MinimumVisualStudioVersion = 10.0.40219.1
Project("{2150E333-8FDC-42A3-9474-1A3956D46DE8}") = "Task0", "Task0", "{7EB3993A-6552-4AD7-A6E2-327344C290D6}"
EndProject
Project("{FAE04EC0-301F-11D3-BF4B-00C04F79EFBC}") = "Tyuiu.ChebulaevAG.Sprint4.Task0.V24", "Tyuiu.ChebulaevAG.Sprint4.Task0.V24\Tyuiu.ChebulaevAG.Sprint4.Task0.V24.csproj", "{891DA97E-5973-4E70-B89A-0C900623E49C}"
EndProject
Project("{FAE04EC0-301F-11D3-BF4B-00C04F79EFBC}") = "Tyuiu.ChebulaevAG.Sprint4.Task0.V24.Lib", "Tyuiu.ChebulaevAG.Sprint4.Task0.V24.Lib\Tyuiu.ChebulaevAG.Sprint4.Task0.V24.Lib.csproj", "{4792D4F0-6E3F-4E1F-B1C5-9045B07553BE}"
EndProject
Project("{FAE04EC0-301F-11D3-BF4B-00C04F79EFBC}") = "Tyuiu.ChebulaevAG.Sprint4.Task0.V24.Test", "Tyuiu.ChebulaevAG.Sprint4.Task0.V24.Test\Tyuiu.ChebulaevAG.Sprint4.Task0.V24.Test.csproj", "{2CC73AC6-01B5-4646-8D08-502B5567958D}"
EndProject
Project("{2150E333-8FDC-42A3-9474-1A3956D46DE8}") = "Task1", "Task1", "{3C16896A-5673-4453-97CB-DE4D1987673E}"
EndProject
Project("{FAE04EC0-301F-11D3-BF4B-00C04F79EFBC}") = "Tyuiu.ChebulaevAG.Sprint4.Task1.V1", "Tyuiu.ChebulaevAG.Sprint4.Task1.V1\Tyuiu.ChebulaevAG.Sprint4.Task1.V1.csproj", "{789ED188-42E9-4E22-9E6F-E0D682D21ACA}"
EndProject
Project("{FAE04EC0-301F-11D3-BF4B-00C04F79EFBC}") = "Tyuiu.ChebulaevAG.Sprint4.Task1.V1.Lib", "Tyuiu.ChebulaevAG.Sprint4.Task1.V1.Lib\Tyuiu.ChebulaevAG.Sprint4.Task1.V1.Lib.csproj", "{2BE31DFB-F1C8-47A9-AE57-0D795917FB89}"
EndProject
Project("{FAE04EC0-301F-11D3-BF4B-00C04F79EFBC}") = "Tyuiu.ChebulaevAG.Sprint4.Task1.V1.Test", "Tyuiu.ChebulaevAG.Sprint4.Task1.V1.Test\Tyuiu.ChebulaevAG.Sprint4.Task1.V1.Test.csproj", "{0E3F8498-53F8-48B7-BF0A-EA59550F2801}"
EndProject
Project("{2150E333-8FDC-42A3-9474-1A3956D46DE8}") = "Task2", "Task2", "{06FD6D52-8C87-4197-B8F8-F1973E3C042D}"
EndProject
Project("{FAE04EC0-301F-11D3-BF4B-00C04F79EFBC}") = "Tyuiu.ChebulaevAG.Sprint4.Task2.V30", "Tyuiu.ChebulaevAG.Sprint4.Task2.V30\Tyuiu.ChebulaevAG.Sprint4.Task2.V30.csproj", "{10DF2156-9583-48F9-B71A-8F6A2B91367D}"
EndProject
Project("{FAE04EC0-301F-11D3-BF4B-00C04F79EFBC}") = "Tyuiu.ChebulaevAG.Sprint4.Task2.V30.Lib", "Tyuiu.ChebulaevAG.Sprint4.Task2.V30.Lib\Tyuiu.ChebulaevAG.Sprint4.Task2.V30.Lib.csproj", "{75FA6591-6280-4C51-86AB-68B7B7A21A07}"
EndProject
Project("{FAE04EC0-301F-11D3-BF4B-00C04F79EFBC}") = "Tyuiu.ChebulaevAG.Sprint4.Task2.V30.Test", "Tyuiu.ChebulaevAG.Sprint4.Task2.V30.Test\Tyuiu.ChebulaevAG.Sprint4.Task2.V30.Test.csproj", "{51C6221E-AA32-4E10-94B8-1AF7C7C8B9AE}"
EndProject
Project("{2150E333-8FDC-42A3-9474-1A3956D46DE8}") = "Task3", "Task3", "{808451B7-3F89-4E91-AD34-D69A397AC4D8}"
EndProject
Project("{FAE04EC0-301F-11D3-BF4B-00C04F79EFBC}") = "Tyuiu.ChebulaevAG.Sprint4.Task3.V29", "Tyuiu.ChebulaevAG.Sprint4.Task3.V29\Tyuiu.ChebulaevAG.Sprint4.Task3.V29.csproj", "{F6B8104D-A584-4C6E-A408-3BF76FD80AB6}"
EndProject
Project("{FAE04EC0-301F-11D3-BF4B-00C04F79EFBC}") = "Tyuiu.ChebulaevAG.Sprint4.Task3.V29.Lib", "Tyuiu.ChebulaevAG.Sprint4.Task3.V29.Lib\Tyuiu.ChebulaevAG.Sprint4.Task3.V29.Lib.csproj", "{477A82D3-14F1-458C-906A-6927F3183992}"
EndProject
Project("{FAE04EC0-301F-11D3-BF4B-00C04F79EFBC}") = "Tyuiu.ChebulaevAG.Sprint4.Task3.V29.Test", "Tyuiu.ChebulaevAG.Sprint4.Task3.V29.Test\Tyuiu.ChebulaevAG.Sprint4.Task3.V29.Test.csproj", "{EBF92A21-AFFC-4265-A1C8-9471AC745E87}"
EndProject
Project("{2150E333-8FDC-42A3-9474-1A3956D46DE8}") = "Task4", "Task4", "{AD62EC5C-7658-4DAC-BA3D-7AB8A31C28B2}"
EndProject
Project("{FAE04EC0-301F-11D3-BF4B-00C04F79EFBC}") = "Tyuiu.ChebulaevAG.Sprint4.Task4.V27", "Tyuiu.ChebulaevAG.Sprint4.Task4.V27\Tyuiu.ChebulaevAG.Sprint4.Task4.V27.csproj", "{0B4C3BC4-F8AB-4FAF-82E9-71C9EA08FBD0}"
EndProject
Project("{FAE04EC0-301F-11D3-BF4B-00C04F79EFBC}") = "Tyuiu.ChebulaevAG.Sprint4.Task4.V27.Lib", "Tyuiu.ChebulaevAG.Sprint4.Task4.V27.Lib\Tyuiu.ChebulaevAG.Sprint4.Task4.V27.Lib.csproj", "{5E965F0D-8006-47F4-AF42-4AB496B37615}"
EndProject
Project("{FAE04EC0-301F-11D3-BF4B-00C04F79EFBC}") = "Tyuiu.ChebulaevAG.Sprint4.Task4.V27.Test", "Tyuiu.ChebulaevAG.Sprint4.Task4.V27.Test\Tyuiu.ChebulaevAG.Sprint4.Task4.V27.Test.csproj", "{8BE9D8D7-58FB-4504-963A-1238E6FCF1D3}"
EndProject
Project("{2150E333-8FDC-42A3-9474-1A3956D46DE8}") = "Task5", "Task5", "{6ADD5A44-A782-4D10-9DF3-82F01E416F0E}"
EndProject
Project("{FAE04EC0-301F-11D3-BF4B-00C04F79EFBC}") = "Tyuiu.ChebulaevAG.Sprint4.Task5.V3", "Tyuiu.ChebulaevAG.Sprint4.Task5.V3\Tyuiu.ChebulaevAG.Sprint4.Task5.V3.csproj", "{788544F6-98D3-4F1C-81C9-6E228F12531E}"
EndProject
Project("{FAE04EC0-301F-11D3-BF4B-00C04F79EFBC}") = "Tyuiu.ChebulaevAG.Sprint4.Task5.V3.Lib", "Tyuiu.ChebulaevAG.Sprint4.Task5.V3.Lib\Tyuiu.ChebulaevAG.Sprint4.Task5.V3.Lib.csproj", "{66F20B57-CC1A-450F-8B7F-F21AED85A20D}"
EndProject
Project("{FAE04EC0-301F-11D3-BF4B-00C04F79EFBC}") = "Tyuiu.ChebulaevAG.Sprint4.Task5.V3.Test", "Tyuiu.ChebulaevAG.Sprint4.Task5.V3.Test\Tyuiu.ChebulaevAG.Sprint4.Task5.V3.Test.csproj", "{A4445FB6-BA13-42A2-91AC-F827943A1090}"
EndProject
Project("{2150E333-8FDC-42A3-9474-1A3956D46DE8}") = "Task6", "Task6", "{18AD42BA-7065-4E46-AC17-1C184F2EC3D8}"
EndProject
Project("{FAE04EC0-301F-11D3-BF4B-00C04F79EFBC}") = "Tyuiu.ChebulaevAG.Sprint4.Task6.V17", "Tyuiu.ChebulaevAG.Sprint4.Task6.V17\Tyuiu.ChebulaevAG.Sprint4.Task6.V17.csproj", "{067383D1-B716-436C-B9EC-0B15827DB5A5}"
EndProject
Project("{FAE04EC0-301F-11D3-BF4B-00C04F79EFBC}") = "Tyuiu.ChebulaevAG.Sprint4.Task6.V17.Lib", "Tyuiu.ChebulaevAG.Sprint4.Task6.V17.Lib\Tyuiu.ChebulaevAG.Sprint4.Task6.V17.Lib.csproj", "{7D70CEF5-BD2C-43A6-B549-90DFC0833D41}"
EndProject
Project("{FAE04EC0-301F-11D3-BF4B-00C04F79EFBC}") = "Tyuiu.ChebulaevAG.Sprint4.Task6.V17.Test", "Tyuiu.ChebulaevAG.Sprint4.Task6.V17.Test\Tyuiu.ChebulaevAG.Sprint4.Task6.V17.Test.csproj", "{BC2F37CB-1203-497C-A576-5235DADD5169}"
EndProject
Project("{2150E333-8FDC-42A3-9474-1A3956D46DE8}") = "Task7", "Task7", "{B446E069-9EB5-482F-ADEF-2CD9E3E0478D}"
EndProject
Project("{FAE04EC0-301F-11D3-BF4B-00C04F79EFBC}") = "Tyuiu.ChebulaevAG.Sprint4.Task7.V16", "Tyuiu.ChebulaevAG.Sprint4.Task7.V16\Tyuiu.ChebulaevAG.Sprint4.Task7.V16.csproj", "{61BA0196-D964-494E-B1BB-40C8FC88E52B}"
EndProject
Project("{FAE04EC0-301F-11D3-BF4B-00C04F79EFBC}") = "Tyuiu.ChebulaevAG.Sprint4.Task7.V16.Lib", "Tyuiu.ChebulaevAG.Sprint4.Task7.V16.Lib\Tyuiu.ChebulaevAG.Sprint4.Task7.V16.Lib.csproj", "{68E9DB83-D0BA-41D4-9EB6-7460FB0A1B27}"
EndProject
Project("{FAE04EC0-301F-11D3-BF4B-00C04F79EFBC}") = "Tyuiu.ChebulaevAG.Sprint4.Task7.V16.Test", "Tyuiu.ChebulaevAG.Sprint4.Task7.V16.Test\Tyuiu.ChebulaevAG.Sprint4.Task7.V16.Test.csproj", "{ABF6CCF1-565C-4C17-AAF9-1A8240A51857}"
EndProject
Global
	GlobalSection(SolutionConfigurationPlatforms) = preSolution
		Debug|Any CPU = Debug|Any CPU
		Release|Any CPU = Release|Any CPU
	EndGlobalSection
	GlobalSection(ProjectConfigurationPlatforms) = postSolution
		{891DA97E-5973-4E70-B89A-0C900623E49C}.Debug|Any CPU.ActiveCfg = Debug|Any CPU
		{891DA97E-5973-4E70-B89A-0C900623E49C}.Debug|Any CPU.Build.0 = Debug|Any CPU
		{891DA97E-5973-4E70-B89A-0C900623E49C}.Release|Any CPU.ActiveCfg = Release|Any CPU
		{891DA97E-5973-4E70-B89A-0C900623E49C}.Release|Any CPU.Build.0 = Release|Any CPU
		{4792D4F0-6E3F-4E1F-B1C5-9045B07553BE}.Debug|Any CPU.ActiveCfg = Debug|Any CPU
		{4792D4F0-6E3F-4E1F-B1C5-9045B07553BE}.Debug|Any CPU.Build.0 = Debug|Any CPU
		{4792D4F0-6E3F-4E1F-B1C5-9045B07553BE}.Release|Any CPU.ActiveCfg = Release|Any CPU
		{4792D4F0-6E3F-4E1F-B1C5-9045B07553BE}.Release|Any CPU.Build.0 = Release|Any CPU
		{2CC73AC6-01B5-4646-8D08-502B5567958D}.Debug|Any CPU.ActiveCfg = Debug|Any CPU
		{2CC73AC6-01B5-4646-8D08-502B5567958D}.Debug|Any CPU.Build.0 = Debug|Any CPU
		{2CC73AC6-01B5-4646-8D08-502B5567958D}.Release|Any CPU.ActiveCfg = Release|Any CPU
		{2CC73AC6-01B5-4646-8D08-502B5567958D}.Release|Any CPU.Build.0 = Release|Any CPU
		{789ED188-42E9-4E22-9E6F-E0D682D21ACA}.Debug|Any CPU.ActiveCfg = Debug|Any CPU
		{789ED188-42E9-4E22-9E6F-E0D682D21ACA}.Debug|Any CPU.Build.0 = Debug|Any CPU
		{789ED188-42E9-4E22-9E6F-E0D682D21ACA}.Release|Any CPU.ActiveCfg = Release|Any CPU
		{789ED188-42E9-4E22-9E6F-E0D682D21ACA}.Release|Any CPU.Build.0 = Release|Any CPU
		{2BE31DFB-F1C8-47A9-AE57-0D795917FB89}.Debug|Any CPU.ActiveCfg = Debug|Any CPU
		{2BE31DFB-F1C8-47A9-AE57-0D795917FB89}.Debug|Any CPU.Build.0 = Debug|Any CPU
		{2BE31DFB-F1C8-47A9-AE57-0D795917FB89}.Release|Any CPU.ActiveCfg = Release|Any CPU
		{2BE31DFB-F1C8-47A9-AE57-0D795917FB89}.Release|Any CPU.Build.0 = Release|Any CPU
		{0E3F8498-53F8-48B7-BF0A-EA59550F2801}.Debug|Any CPU.ActiveCfg = Debug|Any CPU
		{0E3F8498-53F8-48B7-BF0A-EA59550F2801}.Debug|Any CPU.Build.0 = Debug|Any CPU
		{0E3F8498-53F8-48B7-BF0A-EA59550F2801}.Release|Any CPU.ActiveCfg = Release|Any CPU
		{0E3F8498-53F8-48B7-BF0A-EA59550F2801}.Release|Any CPU.Build.0 = Release|Any CPU
		{10DF2156-9583-48F9-B71A-8F6A2B91367D}.Debug|Any CPU.ActiveCfg = Debug|Any CPU
		{10DF2156-9583-48F9-B71A-8F6A2B91367D}.Debug|Any CPU.Build.0 = Debug|Any CPU
		{10DF2156-9583-48F9-B71A-8F6A2B91367D}.Release|Any CPU.ActiveCfg = Release|Any CPU
		{10DF2156-9583-48F9-B71A-8F6A2B91367D}.Release|Any CPU.Build.0 = Release|Any CPU
		{75FA6591-6280-4C51-86AB-68B7B7A21A07}.Debug|Any CPU.ActiveCfg = Debug|Any CPU
		{75FA6591-6280-4C51-86AB-68B7B7A21A07}.Debug|Any CPU.Build.0 = Debug|Any CPU
		{75FA6591-6280-4C51-86AB-68B7B7A21A07}.Release|Any CPU.ActiveCfg = Release|Any CPU
		{75FA6591-6280-4C51-86AB-68B7B7A21A07}.Release|Any CPU.Build.0 = Release|Any CPU
		{51C6221E-AA32-4E10-94B8-1AF7C7C8B9AE}.Debug|Any CPU.ActiveCfg = Debug|Any CPU
		{51C6221E-AA32-4E10-94B8-1AF7C7C8B9AE}.Debug|Any CPU.Build.0 = Debug|Any CPU
		{51C6221E-AA32-4E10-94B8-1AF7C7C8B9AE}.Release|Any CPU.ActiveCfg = Release|Any CPU
		{51C6221E-AA32-4E10-94B8-1AF7C7C8B9AE}.Release|Any CPU.Build.0 = Release|Any CPU
		{F6B8104D-A584-4C6E-A408-3BF76FD80AB6}.Debug|Any CPU.ActiveCfg = Debug|Any CPU
		{F6B8104D-A584-4C6E-A408-3BF76FD80AB6}.Debug|Any CPU.Build.0 = Debug|Any CPU
		{F6B8104D-A584-4C6E-A408-3BF76FD80AB6}.Release|Any CPU.ActiveCfg = Release|Any CPU
		{F6B8104D-A584-4C6E-A408-3BF76FD80AB6}.Release|Any CPU.Build.0 = Release|Any CPU
		{477A82D3-14F1-458C-906A-6927F3183992}.Debug|Any CPU.ActiveCfg = Debug|Any CPU
		{477A82D3-14F1-458C-906A-6927F3183992}.Debug|Any CPU.Build.0 = Debug|Any CPU
		{477A82D3-14F1-458C-906A-6927F3183992}.Release|Any CPU.ActiveCfg = Release|Any CPU
		{477A82D3-14F1-458C-906A-6927F3183992}.Release|Any CPU.Build.0 = Release|Any CPU
		{EBF92A21-AFFC-4265-A1C8-9471AC745E87}.Debug|Any CPU.ActiveCfg = Debug|Any CPU
		{EBF92A21-AFFC-4265-A1C8-9471AC745E87}.Debug|Any CPU.Build.0 = Debug|Any CPU
		{EBF92A21-AFFC-4265-A1C8-9471AC745E87}.Release|Any CPU.ActiveCfg = Release|Any CPU
		{EBF92A21-AFFC-4265-A1C8-9471AC745E87}.Release|Any CPU.Build.0 = Release|Any CPU
		{0B4C3BC4-F8AB-4FAF-82E9-71C9EA08FBD0}.Debug|Any CPU.ActiveCfg = Debug|Any CPU
		{0B4C3BC4-F8AB-4FAF-82E9-71C9EA08FBD0}.Debug|Any CPU.Build.0 = Debug|Any CPU
		{0B4C3BC4-F8AB-4FAF-82E9-71C9EA08FBD0}.Release|Any CPU.ActiveCfg = Release|Any CPU
		{0B4C3BC4-F8AB-4FAF-82E9-71C9EA08FBD0}.Release|Any CPU.Build.0 = Release|Any CPU
		{5E965F0D-8006-47F4-AF42-4AB496B37615}.Debug|Any CPU.ActiveCfg = Debug|Any CPU
		{5E965F0D-8006-47F4-AF42-4AB496B37615}.Debug|Any CPU.Build.0 = Debug|Any CPU
		{5E965F0D-8006-47F4-AF42-4AB496B37615}.Release|Any CPU.ActiveCfg = Release|Any CPU
		{5E965F0D-8006-47F4-AF42-4AB496B37615}.Release|Any CPU.Build.0 = Release|Any CPU
		{8BE9D8D7-58FB-4504-963A-1238E6FCF1D3}.Debug|Any CPU.ActiveCfg = Debug|Any CPU
		{8BE9D8D7-58FB-4504-963A-1238E6FCF1D3}.Debug|Any CPU.Build.0 = Debug|Any CPU
		{8BE9D8D7-58FB-4504-963A-1238E6FCF1D3}.Release|Any CPU.ActiveCfg = Release|Any CPU
		{8BE9D8D7-58FB-4504-963A-1238E6FCF1D3}.Release|Any CPU.Build.0 = Release|Any CPU
		{788544F6-98D3-4F1C-81C9-6E228F12531E}.Debug|Any CPU.ActiveCfg = Debug|Any CPU
		{788544F6-98D3-4F1C-81C9-6E228F12531E}.Debug|Any CPU.Build.0 = Debug|Any CPU
		{788544F6-98D3-4F1C-81C9-6E228F12531E}.Release|Any CPU.ActiveCfg = Release|Any CPU
		{788544F6-98D3-4F1C-81C9-6E228F12531E}.Release|Any CPU.Build.0 = Release|Any CPU
		{66F20B57-CC1A-450F-8B7F-F21AED85A20D}.Debug|Any CPU.ActiveCfg = Debug|Any CPU
		{66F20B57-CC1A-450F-8B7F-F21AED85A20D}.Debug|Any CPU.Build.0 = Debug|Any CPU
		{66F20B57-CC1A-450F-8B7F-F21AED85A20D}.Release|Any CPU.ActiveCfg = Release|Any CPU
		{66F20B57-CC1A-450F-8B7F-F21AED85A20D}.Release|Any CPU.Build.0 = Release|Any CPU
		{A4445FB6-BA13-42A2-91AC-F827943A1090}.Debug|Any CPU.ActiveCfg = Debug|Any CPU
		{A4445FB6-BA13-42A2-91AC-F827943A1090}.Debug|Any CPU.Build.0 = Debug|Any CPU
		{A4445FB6-BA13-42A2-91AC-F827943A1090}.Release|Any CPU.ActiveCfg = Release|Any CPU
		{A4445FB6-BA13-42A2-91AC-F827943A1090}.Release|Any CPU.Build.0 = Release|Any CPU
		{067383D1-B716-436C-B9EC-0B15827DB5A5}.Debug|Any CPU.ActiveCfg = Debug|Any CPU
		{067383D1-B716-436C-B9EC-0B15827DB5A5}.Debug|Any CPU.Build.0 = Debug|Any CPU
		{067383D1-B716-436C-B9EC-0B15827DB5A5}.Release|Any CPU.ActiveCfg = Release|Any CPU
		{067383D1-B716-436C-B9EC-0B15827DB5A5}.Release|Any CPU.Build.0 = Release|Any CPU
		{7D70CEF5-BD2C-43A6-B549-90DFC0833D41}.Debug|Any CPU.ActiveCfg = Debug|Any CPU
		{7D70CEF5-BD2C-43A6-B549-90DFC0833D41}.Debug|Any CPU.Build.0 = Debug|Any CPU
		{7D70CEF5-BD2C-43A6-B549-90DFC0833D41}.Release|Any CPU.ActiveCfg = Release|Any CPU
		{7D70CEF5-BD2C-43A6-B549-90DFC0833D41}.Release|Any CPU.Build.0 = Release|Any CPU
		{BC2F37CB-1203-497C-A576-5235DADD5169}.Debug|Any CPU.ActiveCfg = Debug|Any CPU
		{BC2F37CB-1203-497C-A576-5235DADD5169}.Debug|Any CPU.Build.0 = Debug|Any CPU
		{BC2F37CB-1203-497C-A576-5235DADD5169}.Release|Any CPU.ActiveCfg = Release|Any CPU
		{BC2F37CB-1203-497C-A576-5235DADD5169}.Release|Any CPU.Build.0 = Release|Any CPU
		{61BA0196-D964-494E-B1BB-40C8FC88E52B}.Debug|Any CPU.ActiveCfg = Debug|Any CPU
		{61BA0196-D964-494E-B1BB-40C8FC88E52B}.Debug|Any CPU.Build.0 = Debug|Any CPU
		{61BA0196-D964-494E-B1BB-40C8FC88E52B}.Release|Any CPU.ActiveCfg = Release|Any CPU
		{61BA0196-D964-494E-B1BB-40C8FC88E52B}.Release|Any CPU.Build.0 = Release|Any CPU
		{68E9DB83-D0BA-41D4-9EB6-7460FB0A1B27}.Debug|Any CPU.ActiveCfg = Debug|Any CPU
		{68E9DB83-D0BA-41D4-9EB6-7460FB0A1B27}.Debug|Any CPU.Build.0 = Debug|Any CPU
		{68E9DB83-D0BA-41D4-9EB6-7460FB0A1B27}.Release|Any CPU.ActiveCfg = Release|Any CPU
		{68E9DB83-D0BA-41D4-9EB6-7460FB0A1B27}.Release|Any CPU.Build.0 = Release|Any CPU
		{ABF6CCF1-565C-4C17-AAF9-1A8240A51857}.Debug|Any CPU.ActiveCfg = Debug|Any CPU
		{ABF6CCF1-565C-4C17-AAF9-1A8240A51857}.Debug|Any CPU.Build.0 = Debug|Any CPU
		{ABF6CCF1-565C-4C17-AAF9-1A8240A51857}.Release|Any CPU.ActiveCfg = Release|Any CPU
		{ABF6CCF1-565C-4C17-AAF9-1A8240A51857}.Release|Any CPU.Build.0 = Release|Any CPU
	EndGlobalSection
	GlobalSection(SolutionProperties) = preSolution
		HideSolutionNode = FALSE
	EndGlobalSection
	GlobalSection(NestedProjects) = preSolution
		{891DA97E-5973-4E70-B89A-0C900623E49C} = {7EB3993A-6552-4AD7-A6E2-327344C290D6}
		{4792D4F0-6E3F-4E1F-B1C5-9045B07553BE} = {7EB3993A-6552-4AD7-A6E2-327344C290D6}
		{2CC73AC6-01B5-4646-8D08-502B5567958D} = {7EB3993A-6552-4AD7-A6E2-327344C290D6}
		{789ED188-42E9-4E22-9E6F-E0D682D21ACA} = {3C16896A-5673-4453-97CB-DE4D1987673E}
		{2BE31DFB-F1C8-47A9-AE57-0D795917FB89} = {3C16896A-5673-4453-97CB-DE4D1987673E}
		{0E3F8498-53F8-48B7-BF0A-EA59550F2801} = {3C16896A-5673-4453-97CB-DE4D1987673E}
		{10DF2156-9583-48F9-B71A-8F6A2B91367D} = {06FD6D52-8C87-4197-B8F8-F1973E3C042D}
		{75FA6591-6280-4C51-86AB-68B7B7A21A07} = {06FD6D52-8C87-4197-B8F8-F1973E3C042D}
		{51C6221E-AA32-4E10-94B8-1AF7C7C8B9AE} = {06FD6D52-8C87-4197-B8F8-F1973E3C042D}
		{F6B8104D-A584-4C6E-A408-3BF76FD80AB6} = {808451B7-3F89-4E91-AD34-D69A397AC4D8}
		{477A82D3-14F1-458C-906A-6927F3183992} = {808451B7-3F89-4E91-AD34-D69A397AC4D8}
		{EBF92A21-AFFC-4265-A1C8-9471AC745E87} = {808451B7-3F89-4E91-AD34-D69A397AC4D8}
		{0B4C3BC4-F8AB-4FAF-82E9-71C9EA08FBD0} = {AD62EC5C-7658-4DAC-BA3D-7AB8A31C28B2}
		{5E965F0D-8006-47F4-AF42-4AB496B37615} = {AD62EC5C-7658-4DAC-BA3D-7AB8A31C28B2}
		{8BE9D8D7-58FB-4504-963A-1238E6FCF1D3} = {AD62EC5C-7658-4DAC-BA3D-7AB8A31C28B2}
		{788544F6-98D3-4F1C-81C9-6E228F12531E} = {6ADD5A44-A782-4D10-9DF3-82F01E416F0E}
		{66F20B57-CC1A-450F-8B7F-F21AED85A20D} = {6ADD5A44-A782-4D10-9DF3-82F01E416F0E}
		{A4445FB6-BA13-42A2-91AC-F827943A1090} = {6ADD5A44-A782-4D10-9DF3-82F01E416F0E}
		{067383D1-B716-436C-B9EC-0B15827DB5A5} = {18AD42BA-7065-4E46-AC17-1C184F2EC3D8}
		{7D70CEF5-BD2C-43A6-B549-90DFC0833D41} = {18AD42BA-7065-4E46-AC17-1C184F2EC3D8}
		{BC2F37CB-1203-497C-A576-5235DADD5169} = {18AD42BA-7065-4E46-AC17-1C184F2EC3D8}
		{61BA0196-D964-494E-B1BB-40C8FC88E52B} = {B446E069-9EB5-482F-ADEF-2CD9E3E0478D}
		{68E9DB83-D0BA-41D4-9EB6-7460FB0A1B27} = {B446E069-9EB5-482F-ADEF-2CD9E3E0478D}
		{ABF6CCF1-565C-4C17-AAF9-1A8240A51857} = {B446E069-9EB5-482F-ADEF-2CD9E3E0478D}
	EndGlobalSection
	GlobalSection(ExtensibilityGlobals) = postSolution
		SolutionGuid = {F149E8B9-387D-40B9-AD49-E25315B7F30D}
	EndGlobalSection
EndGlobal
